
Microsoft Visual Studio Solution File, Format Version 12.00
# Visual Studio Version 17
VisualStudioVersion = 17.1.32421.90
MinimumVisualStudioVersion = 10.0.40219.1
Project("{9A19103F-16F7-4668-BE54-9A1E7A4F7556}") = "LifeHelper.Server", "Server\LifeHelper.Server.csproj", "{5561009F-2B9E-4109-91C6-FDFA105D0B80}"
EndProject
Project("{9A19103F-16F7-4668-BE54-9A1E7A4F7556}") = "LifeHelper.Client", "Client\LifeHelper.Client.csproj", "{442926E6-1F58-4982-9EF3-87E388D9DE0A}"
EndProject
Project("{9A19103F-16F7-4668-BE54-9A1E7A4F7556}") = "LifeHelper.Shared", "Shared\LifeHelper.Shared.csproj", "{7DF6A57A-00FE-494E-9637-D3387CBE5090}"
EndProject
Project("{9A19103F-16F7-4668-BE54-9A1E7A4F7556}") = "LifeHelper.WorkerService", "LifeHelper.WorkerService\LifeHelper.WorkerService.csproj", "{05615C20-4EA8-43DF-ACD0-737F67DF465C}"
EndProject
Global
	GlobalSection(SolutionConfigurationPlatforms) = preSolution
		Debug|Any CPU = Debug|Any CPU
		Release|Any CPU = Release|Any CPU
	EndGlobalSection
	GlobalSection(ProjectConfigurationPlatforms) = postSolution
		{5561009F-2B9E-4109-91C6-FDFA105D0B80}.Debug|Any CPU.ActiveCfg = Debug|Any CPU
		{5561009F-2B9E-4109-91C6-FDFA105D0B80}.Debug|Any CPU.Build.0 = Debug|Any CPU
		{5561009F-2B9E-4109-91C6-FDFA105D0B80}.Release|Any CPU.ActiveCfg = Release|Any CPU
		{5561009F-2B9E-4109-91C6-FDFA105D0B80}.Release|Any CPU.Build.0 = Release|Any CPU
		{442926E6-1F58-4982-9EF3-87E388D9DE0A}.Debug|Any CPU.ActiveCfg = Debug|Any CPU
		{442926E6-1F58-4982-9EF3-87E388D9DE0A}.Debug|Any CPU.Build.0 = Debug|Any CPU
		{442926E6-1F58-4982-9EF3-87E388D9DE0A}.Release|Any CPU.ActiveCfg = Release|Any CPU
		{442926E6-1F58-4982-9EF3-87E388D9DE0A}.Release|Any CPU.Build.0 = Release|Any CPU
		{7DF6A57A-00FE-494E-9637-D3387CBE5090}.Debug|Any CPU.ActiveCfg = Debug|Any CPU
		{7DF6A57A-00FE-494E-9637-D3387CBE5090}.Debug|Any CPU.Build.0 = Debug|Any CPU
		{7DF6A57A-00FE-494E-9637-D3387CBE5090}.Release|Any CPU.ActiveCfg = Release|Any CPU
		{7DF6A57A-00FE-494E-9637-D3387CBE5090}.Release|Any CPU.Build.0 = Release|Any CPU
		{05615C20-4EA8-43DF-ACD0-737F67DF465C}.Debug|Any CPU.ActiveCfg = Debug|Any CPU
		{05615C20-4EA8-43DF-ACD0-737F67DF465C}.Debug|Any CPU.Build.0 = Debug|Any CPU
		{05615C20-4EA8-43DF-ACD0-737F67DF465C}.Release|Any CPU.ActiveCfg = Release|Any CPU
		{05615C20-4EA8-43DF-ACD0-737F67DF465C}.Release|Any CPU.Build.0 = Release|Any CPU
	EndGlobalSection
	GlobalSection(SolutionProperties) = preSolution
		HideSolutionNode = FALSE
	EndGlobalSection
	GlobalSection(ExtensibilityGlobals) = postSolution
		SolutionGuid = {D09CA440-9CB9-43EA-80E5-B56312EFCFA8}
	EndGlobalSection
EndGlobal
